
Microsoft Visual Studio Solution File, Format Version 12.00
# Visual Studio Version 17
VisualStudioVersion = 17.14.36616.10 d17.14
MinimumVisualStudioVersion = 10.0.40219.1
Project("{FAE04EC0-301F-11D3-BF4B-00C04F79EFBC}") = "Chess", "Chess.csproj", "{01E0CADF-1C25-4FD2-80D3-D381C201BB72}"
EndProject
Global
	GlobalSection(SolutionConfigurationPlatforms) = preSolution
		Debug|Any CPU = Debug|Any CPU
		Release|Any CPU = Release|Any CPU
	EndGlobalSection
	GlobalSection(ProjectConfigurationPlatforms) = postSolution
		{01E0CADF-1C25-4FD2-80D3-D381C201BB72}.Debug|Any CPU.ActiveCfg = Debug|Any CPU
		{01E0CADF-1C25-4FD2-80D3-D381C201BB72}.Debug|Any CPU.Build.0 = Debug|Any CPU
		{01E0CADF-1C25-4FD2-80D3-D381C201BB72}.Release|Any CPU.ActiveCfg = Release|Any CPU
		{01E0CADF-1C25-4FD2-80D3-D381C201BB72}.Release|Any CPU.Build.0 = Release|Any CPU
	EndGlobalSection
	GlobalSection(SolutionProperties) = preSolution
		HideSolutionNode = FALSE
	EndGlobalSection
	GlobalSection(ExtensibilityGlobals) = postSolution
		SolutionGuid = {717383AD-9D28-4271-AC1D-FC8FF821CC45}
	EndGlobalSection
EndGlobal
